// !$*UTF8*$!
{
	archiveVersion = 1;
	classes = {
	};
	objectVersion = 56;
	objects = {

/* Begin PBXBuildFile section */
		DC2AAB702A41AE0000D46C4C /* TitleCollectionViewCell.swift in Sources */ = {isa = PBXBuildFile; fileRef = DC2AAB6F2A41AE0000D46C4C /* TitleCollectionViewCell.swift */; };
		DC2AAB732A41B0F800D46C4C /* SDWebImage in Frameworks */ = {isa = PBXBuildFile; productRef = DC2AAB722A41B0F800D46C4C /* SDWebImage */; };
		DC2AAB752A41B0F800D46C4C /* SDWebImageMapKit in Frameworks */ = {isa = PBXBuildFile; productRef = DC2AAB742A41B0F800D46C4C /* SDWebImageMapKit */; };
		DC2AAB772A41BC3700D46C4C /* TitleTableViewCell.swift in Sources */ = {isa = PBXBuildFile; fileRef = DC2AAB762A41BC3700D46C4C /* TitleTableViewCell.swift */; };
		DC2AAB792A41BEFA00D46C4C /* TitleViewModel.swift in Sources */ = {isa = PBXBuildFile; fileRef = DC2AAB782A41BEFA00D46C4C /* TitleViewModel.swift */; };
		DC3F9B6A2A4057FC0055EC12 /* AppDelegate.swift in Sources */ = {isa = PBXBuildFile; fileRef = DC3F9B692A4057FC0055EC12 /* AppDelegate.swift */; };
		DC3F9B6C2A4057FC0055EC12 /* SceneDelegate.swift in Sources */ = {isa = PBXBuildFile; fileRef = DC3F9B6B2A4057FC0055EC12 /* SceneDelegate.swift */; };
		DC3F9B6E2A4057FC0055EC12 /* MainTabBarViewController.swift in Sources */ = {isa = PBXBuildFile; fileRef = DC3F9B6D2A4057FC0055EC12 /* MainTabBarViewController.swift */; };
		DC3F9B732A4057FD0055EC12 /* Assets.xcassets in Resources */ = {isa = PBXBuildFile; fileRef = DC3F9B722A4057FD0055EC12 /* Assets.xcassets */; };
		DC3F9B762A4057FD0055EC12 /* LaunchScreen.storyboard in Resources */ = {isa = PBXBuildFile; fileRef = DC3F9B742A4057FD0055EC12 /* LaunchScreen.storyboard */; };
		DC3F9B7F2A4061E50055EC12 /* HomeViewController.swift in Sources */ = {isa = PBXBuildFile; fileRef = DC3F9B7E2A4061E50055EC12 /* HomeViewController.swift */; };
		DC3F9B812A40620D0055EC12 /* UpCommingViewController.swift in Sources */ = {isa = PBXBuildFile; fileRef = DC3F9B802A40620D0055EC12 /* UpCommingViewController.swift */; };
		DC3F9B832A40622B0055EC12 /* SearchViewController.swift in Sources */ = {isa = PBXBuildFile; fileRef = DC3F9B822A40622B0055EC12 /* SearchViewController.swift */; };
		DC3F9B852A4062450055EC12 /* DownloadsViewController.swift in Sources */ = {isa = PBXBuildFile; fileRef = DC3F9B842A4062450055EC12 /* DownloadsViewController.swift */; };
		DC3F9B8C2A4068BD0055EC12 /* CollectionViewTableViewCell.swift in Sources */ = {isa = PBXBuildFile; fileRef = DC3F9B8B2A4068BD0055EC12 /* CollectionViewTableViewCell.swift */; };
		DC3F9B8E2A4072060055EC12 /* HeroHeaderUIView.swift in Sources */ = {isa = PBXBuildFile; fileRef = DC3F9B8D2A4072060055EC12 /* HeroHeaderUIView.swift */; };
		DC3F9B902A408B160055EC12 /* APICaller.swift in Sources */ = {isa = PBXBuildFile; fileRef = DC3F9B8F2A408B160055EC12 /* APICaller.swift */; };
		DC3F9B922A4093EC0055EC12 /* Title.swift in Sources */ = {isa = PBXBuildFile; fileRef = DC3F9B912A4093EC0055EC12 /* Title.swift */; };
		DC3F9B942A4098B40055EC12 /* Extensions.swift in Sources */ = {isa = PBXBuildFile; fileRef = DC3F9B932A4098B40055EC12 /* Extensions.swift */; };
/* End PBXBuildFile section */

/* Begin PBXFileReference section */
		DC2AAB6F2A41AE0000D46C4C /* TitleCollectionViewCell.swift */ = {isa = PBXFileReference; lastKnownFileType = sourcecode.swift; path = TitleCollectionViewCell.swift; sourceTree = "<group>"; };
		DC2AAB762A41BC3700D46C4C /* TitleTableViewCell.swift */ = {isa = PBXFileReference; lastKnownFileType = sourcecode.swift; path = TitleTableViewCell.swift; sourceTree = "<group>"; };
		DC2AAB782A41BEFA00D46C4C /* TitleViewModel.swift */ = {isa = PBXFileReference; lastKnownFileType = sourcecode.swift; path = TitleViewModel.swift; sourceTree = "<group>"; };
		DC3F9B662A4057FC0055EC12 /* NetflixClone.app */ = {isa = PBXFileReference; explicitFileType = wrapper.application; includeInIndex = 0; path = NetflixClone.app; sourceTree = BUILT_PRODUCTS_DIR; };
		DC3F9B692A4057FC0055EC12 /* AppDelegate.swift */ = {isa = PBXFileReference; lastKnownFileType = sourcecode.swift; path = AppDelegate.swift; sourceTree = "<group>"; };
		DC3F9B6B2A4057FC0055EC12 /* SceneDelegate.swift */ = {isa = PBXFileReference; lastKnownFileType = sourcecode.swift; path = SceneDelegate.swift; sourceTree = "<group>"; };
		DC3F9B6D2A4057FC0055EC12 /* MainTabBarViewController.swift */ = {isa = PBXFileReference; lastKnownFileType = sourcecode.swift; path = MainTabBarViewController.swift; sourceTree = "<group>"; };
		DC3F9B722A4057FD0055EC12 /* Assets.xcassets */ = {isa = PBXFileReference; lastKnownFileType = folder.assetcatalog; path = Assets.xcassets; sourceTree = "<group>"; };
		DC3F9B752A4057FD0055EC12 /* Base */ = {isa = PBXFileReference; lastKnownFileType = file.storyboard; name = Base; path = Base.lproj/LaunchScreen.storyboard; sourceTree = "<group>"; };
		DC3F9B772A4057FD0055EC12 /* Info.plist */ = {isa = PBXFileReference; lastKnownFileType = text.plist.xml; path = Info.plist; sourceTree = "<group>"; };
		DC3F9B7E2A4061E50055EC12 /* HomeViewController.swift */ = {isa = PBXFileReference; lastKnownFileType = sourcecode.swift; path = HomeViewController.swift; sourceTree = "<group>"; };
		DC3F9B802A40620D0055EC12 /* UpCommingViewController.swift */ = {isa = PBXFileReference; lastKnownFileType = sourcecode.swift; path = UpCommingViewController.swift; sourceTree = "<group>"; };
		DC3F9B822A40622B0055EC12 /* SearchViewController.swift */ = {isa = PBXFileReference; lastKnownFileType = sourcecode.swift; path = SearchViewController.swift; sourceTree = "<group>"; };
		DC3F9B842A4062450055EC12 /* DownloadsViewController.swift */ = {isa = PBXFileReference; lastKnownFileType = sourcecode.swift; path = DownloadsViewController.swift; sourceTree = "<group>"; };
		DC3F9B8B2A4068BD0055EC12 /* CollectionViewTableViewCell.swift */ = {isa = PBXFileReference; lastKnownFileType = sourcecode.swift; path = CollectionViewTableViewCell.swift; sourceTree = "<group>"; };
		DC3F9B8D2A4072060055EC12 /* HeroHeaderUIView.swift */ = {isa = PBXFileReference; lastKnownFileType = sourcecode.swift; path = HeroHeaderUIView.swift; sourceTree = "<group>"; };
		DC3F9B8F2A408B160055EC12 /* APICaller.swift */ = {isa = PBXFileReference; lastKnownFileType = sourcecode.swift; path = APICaller.swift; sourceTree = "<group>"; };
		DC3F9B912A4093EC0055EC12 /* Title.swift */ = {isa = PBXFileReference; lastKnownFileType = sourcecode.swift; path = Title.swift; sourceTree = "<group>"; };
		DC3F9B932A4098B40055EC12 /* Extensions.swift */ = {isa = PBXFileReference; lastKnownFileType = sourcecode.swift; path = Extensions.swift; sourceTree = "<group>"; };
/* End PBXFileReference section */

/* Begin PBXFrameworksBuildPhase section */
		DC3F9B632A4057FC0055EC12 /* Frameworks */ = {
			isa = PBXFrameworksBuildPhase;
			buildActionMask = 2147483647;
			files = (
				DC2AAB752A41B0F800D46C4C /* SDWebImageMapKit in Frameworks */,
				DC2AAB732A41B0F800D46C4C /* SDWebImage in Frameworks */,
			);
			runOnlyForDeploymentPostprocessing = 0;
		};
/* End PBXFrameworksBuildPhase section */

/* Begin PBXGroup section */
		DC3F9B5D2A4057FC0055EC12 = {
			isa = PBXGroup;
			children = (
				DC3F9B682A4057FC0055EC12 /* NetflixClone */,
				DC3F9B672A4057FC0055EC12 /* Products */,
			);
			sourceTree = "<group>";
		};
		DC3F9B672A4057FC0055EC12 /* Products */ = {
			isa = PBXGroup;
			children = (
				DC3F9B662A4057FC0055EC12 /* NetflixClone.app */,
			);
			name = Products;
			sourceTree = "<group>";
		};
		DC3F9B682A4057FC0055EC12 /* NetflixClone */ = {
			isa = PBXGroup;
			children = (
				DC3F9B8A2A40688E0055EC12 /* Managers */,
				DC3F9B892A40687F0055EC12 /* Resources */,
				DC3F9B882A4068540055EC12 /* Models */,
				DC3F9B862A4068450055EC12 /* Views */,
				DC3F9B872A40684D0055EC12 /* ViewModels */,
				DC3F9B7D2A4061C00055EC12 /* Controllers */,
				DC3F9B692A4057FC0055EC12 /* AppDelegate.swift */,
				DC3F9B6B2A4057FC0055EC12 /* SceneDelegate.swift */,
				DC3F9B6D2A4057FC0055EC12 /* MainTabBarViewController.swift */,
				DC3F9B722A4057FD0055EC12 /* Assets.xcassets */,
				DC3F9B742A4057FD0055EC12 /* LaunchScreen.storyboard */,
				DC3F9B772A4057FD0055EC12 /* Info.plist */,
			);
			path = NetflixClone;
			sourceTree = "<group>";
		};
		DC3F9B7D2A4061C00055EC12 /* Controllers */ = {
			isa = PBXGroup;
			children = (
				DC3F9B7E2A4061E50055EC12 /* HomeViewController.swift */,
				DC3F9B802A40620D0055EC12 /* UpCommingViewController.swift */,
				DC3F9B822A40622B0055EC12 /* SearchViewController.swift */,
				DC3F9B842A4062450055EC12 /* DownloadsViewController.swift */,
			);
			path = Controllers;
			sourceTree = "<group>";
		};
		DC3F9B862A4068450055EC12 /* Views */ = {
			isa = PBXGroup;
			children = (
				DC3F9B8B2A4068BD0055EC12 /* CollectionViewTableViewCell.swift */,
				DC3F9B8D2A4072060055EC12 /* HeroHeaderUIView.swift */,
				DC2AAB6F2A41AE0000D46C4C /* TitleCollectionViewCell.swift */,
				DC2AAB762A41BC3700D46C4C /* TitleTableViewCell.swift */,
			);
			path = Views;
			sourceTree = "<group>";
		};
		DC3F9B872A40684D0055EC12 /* ViewModels */ = {
			isa = PBXGroup;
			children = (
				DC2AAB782A41BEFA00D46C4C /* TitleViewModel.swift */,
			);
			path = ViewModels;
			sourceTree = "<group>";
		};
		DC3F9B882A4068540055EC12 /* Models */ = {
			isa = PBXGroup;
			children = (
				DC3F9B912A4093EC0055EC12 /* Title.swift */,
			);
			path = Models;
			sourceTree = "<group>";
		};
		DC3F9B892A40687F0055EC12 /* Resources */ = {
			isa = PBXGroup;
			children = (
				DC3F9B932A4098B40055EC12 /* Extensions.swift */,
			);
			path = Resources;
			sourceTree = "<group>";
		};
		DC3F9B8A2A40688E0055EC12 /* Managers */ = {
			isa = PBXGroup;
			children = (
				DC3F9B8F2A408B160055EC12 /* APICaller.swift */,
			);
			path = Managers;
			sourceTree = "<group>";
		};
/* End PBXGroup section */

/* Begin PBXNativeTarget section */
		DC3F9B652A4057FC0055EC12 /* NetflixClone */ = {
			isa = PBXNativeTarget;
			buildConfigurationList = DC3F9B7A2A4057FD0055EC12 /* Build configuration list for PBXNativeTarget "NetflixClone" */;
			buildPhases = (
				DC3F9B622A4057FC0055EC12 /* Sources */,
				DC3F9B632A4057FC0055EC12 /* Frameworks */,
				DC3F9B642A4057FC0055EC12 /* Resources */,
			);
			buildRules = (
			);
			dependencies = (
			);
			name = NetflixClone;
			packageProductDependencies = (
				DC2AAB722A41B0F800D46C4C /* SDWebImage */,
				DC2AAB742A41B0F800D46C4C /* SDWebImageMapKit */,
			);
			productName = NetflixClone;
			productReference = DC3F9B662A4057FC0055EC12 /* NetflixClone.app */;
			productType = "com.apple.product-type.application";
		};
/* End PBXNativeTarget section */

/* Begin PBXProject section */
		DC3F9B5E2A4057FC0055EC12 /* Project object */ = {
			isa = PBXProject;
			attributes = {
				BuildIndependentTargetsInParallel = 1;
				LastSwiftUpdateCheck = 1430;
				LastUpgradeCheck = 1430;
				TargetAttributes = {
					DC3F9B652A4057FC0055EC12 = {
						CreatedOnToolsVersion = 14.3.1;
					};
				};
			};
			buildConfigurationList = DC3F9B612A4057FC0055EC12 /* Build configuration list for PBXProject "NetflixClone" */;
			compatibilityVersion = "Xcode 14.0";
			developmentRegion = en;
			hasScannedForEncodings = 0;
			knownRegions = (
				en,
				Base,
			);
			mainGroup = DC3F9B5D2A4057FC0055EC12;
			packageReferences = (
				DC2AAB712A41B0F800D46C4C /* XCRemoteSwiftPackageReference "SDWebImage" */,
			);
			productRefGroup = DC3F9B672A4057FC0055EC12 /* Products */;
			projectDirPath = "";
			projectRoot = "";
			targets = (
				DC3F9B652A4057FC0055EC12 /* NetflixClone */,
			);
		};
/* End PBXProject section */

/* Begin PBXResourcesBuildPhase section */
		DC3F9B642A4057FC0055EC12 /* Resources */ = {
			isa = PBXResourcesBuildPhase;
			buildActionMask = 2147483647;
			files = (
				DC3F9B762A4057FD0055EC12 /* LaunchScreen.storyboard in Resources */,
				DC3F9B732A4057FD0055EC12 /* Assets.xcassets in Resources */,
			);
			runOnlyForDeploymentPostprocessing = 0;
		};
/* End PBXResourcesBuildPhase section */

/* Begin PBXSourcesBuildPhase section */
		DC3F9B622A4057FC0055EC12 /* Sources */ = {
			isa = PBXSourcesBuildPhase;
			buildActionMask = 2147483647;
			files = (
				DC2AAB772A41BC3700D46C4C /* TitleTableViewCell.swift in Sources */,
				DC3F9B8E2A4072060055EC12 /* HeroHeaderUIView.swift in Sources */,
				DC2AAB702A41AE0000D46C4C /* TitleCollectionViewCell.swift in Sources */,
				DC3F9B832A40622B0055EC12 /* SearchViewController.swift in Sources */,
				DC3F9B6E2A4057FC0055EC12 /* MainTabBarViewController.swift in Sources */,
				DC3F9B902A408B160055EC12 /* APICaller.swift in Sources */,
				DC3F9B8C2A4068BD0055EC12 /* CollectionViewTableViewCell.swift in Sources */,
				DC3F9B852A4062450055EC12 /* DownloadsViewController.swift in Sources */,
				DC3F9B812A40620D0055EC12 /* UpCommingViewController.swift in Sources */,
				DC3F9B942A4098B40055EC12 /* Extensions.swift in Sources */,
				DC3F9B6A2A4057FC0055EC12 /* AppDelegate.swift in Sources */,
				DC3F9B6C2A4057FC0055EC12 /* SceneDelegate.swift in Sources */,
				DC3F9B922A4093EC0055EC12 /* Title.swift in Sources */,
				DC3F9B7F2A4061E50055EC12 /* HomeViewController.swift in Sources */,
				DC2AAB792A41BEFA00D46C4C /* TitleViewModel.swift in Sources */,
			);
			runOnlyForDeploymentPostprocessing = 0;
		};
/* End PBXSourcesBuildPhase section */

/* Begin PBXVariantGroup section */
		DC3F9B742A4057FD0055EC12 /* LaunchScreen.storyboard */ = {
			isa = PBXVariantGroup;
			children = (
				DC3F9B752A4057FD0055EC12 /* Base */,
			);
			name = LaunchScreen.storyboard;
			sourceTree = "<group>";
		};
/* End PBXVariantGroup section */

/* Begin XCBuildConfiguration section */
		DC3F9B782A4057FD0055EC12 /* Debug */ = {
			isa = XCBuildConfiguration;
			buildSettings = {
				ALWAYS_SEARCH_USER_PATHS = NO;
				CLANG_ANALYZER_NONNULL = YES;
				CLANG_ANALYZER_NUMBER_OBJECT_CONVERSION = YES_AGGRESSIVE;
				CLANG_CXX_LANGUAGE_STANDARD = "gnu++20";
				CLANG_ENABLE_MODULES = YES;
				CLANG_ENABLE_OBJC_ARC = YES;
				CLANG_ENABLE_OBJC_WEAK = YES;
				CLANG_WARN_BLOCK_CAPTURE_AUTORELEASING = YES;
				CLANG_WARN_BOOL_CONVERSION = YES;
				CLANG_WARN_COMMA = YES;
				CLANG_WARN_CONSTANT_CONVERSION = YES;
				CLANG_WARN_DEPRECATED_OBJC_IMPLEMENTATIONS = YES;
				CLANG_WARN_DIRECT_OBJC_ISA_USAGE = YES_ERROR;
				CLANG_WARN_DOCUMENTATION_COMMENTS = YES;
				CLANG_WARN_EMPTY_BODY = YES;
				CLANG_WARN_ENUM_CONVERSION = YES;
				CLANG_WARN_INFINITE_RECURSION = YES;
				CLANG_WARN_INT_CONVERSION = YES;
				CLANG_WARN_NON_LITERAL_NULL_CONVERSION = YES;
				CLANG_WARN_OBJC_IMPLICIT_RETAIN_SELF = YES;
				CLANG_WARN_OBJC_LITERAL_CONVERSION = YES;
				CLANG_WARN_OBJC_ROOT_CLASS = YES_ERROR;
				CLANG_WARN_QUOTED_INCLUDE_IN_FRAMEWORK_HEADER = YES;
				CLANG_WARN_RANGE_LOOP_ANALYSIS = YES;
				CLANG_WARN_STRICT_PROTOTYPES = YES;
				CLANG_WARN_SUSPICIOUS_MOVE = YES;
				CLANG_WARN_UNGUARDED_AVAILABILITY = YES_AGGRESSIVE;
				CLANG_WARN_UNREACHABLE_CODE = YES;
				CLANG_WARN__DUPLICATE_METHOD_MATCH = YES;
				COPY_PHASE_STRIP = NO;
				DEBUG_INFORMATION_FORMAT = dwarf;
				ENABLE_STRICT_OBJC_MSGSEND = YES;
				ENABLE_TESTABILITY = YES;
				GCC_C_LANGUAGE_STANDARD = gnu11;
				GCC_DYNAMIC_NO_PIC = NO;
				GCC_NO_COMMON_BLOCKS = YES;
				GCC_OPTIMIZATION_LEVEL = 0;
				GCC_PREPROCESSOR_DEFINITIONS = (
					"DEBUG=1",
					"$(inherited)",
				);
				GCC_WARN_64_TO_32_BIT_CONVERSION = YES;
				GCC_WARN_ABOUT_RETURN_TYPE = YES_ERROR;
				GCC_WARN_UNDECLARED_SELECTOR = YES;
				GCC_WARN_UNINITIALIZED_AUTOS = YES_AGGRESSIVE;
				GCC_WARN_UNUSED_FUNCTION = YES;
				GCC_WARN_UNUSED_VARIABLE = YES;
				IPHONEOS_DEPLOYMENT_TARGET = 16.4;
				MTL_ENABLE_DEBUG_INFO = INCLUDE_SOURCE;
				MTL_FAST_MATH = YES;
				ONLY_ACTIVE_ARCH = YES;
				SDKROOT = iphoneos;
				SWIFT_ACTIVE_COMPILATION_CONDITIONS = DEBUG;
				SWIFT_OPTIMIZATION_LEVEL = "-Onone";
			};
			name = Debug;
		};
		DC3F9B792A4057FD0055EC12 /* Release */ = {
			isa = XCBuildConfiguration;
			buildSettings = {
				ALWAYS_SEARCH_USER_PATHS = NO;
				CLANG_ANALYZER_NONNULL = YES;
				CLANG_ANALYZER_NUMBER_OBJECT_CONVERSION = YES_AGGRESSIVE;
				CLANG_CXX_LANGUAGE_STANDARD = "gnu++20";
				CLANG_ENABLE_MODULES = YES;
				CLANG_ENABLE_OBJC_ARC = YES;
				CLANG_ENABLE_OBJC_WEAK = YES;
				CLANG_WARN_BLOCK_CAPTURE_AUTORELEASING = YES;
				CLANG_WARN_BOOL_CONVERSION = YES;
				CLANG_WARN_COMMA = YES;
				CLANG_WARN_CONSTANT_CONVERSION = YES;
				CLANG_WARN_DEPRECATED_OBJC_IMPLEMENTATIONS = YES;
				CLANG_WARN_DIRECT_OBJC_ISA_USAGE = YES_ERROR;
				CLANG_WARN_DOCUMENTATION_COMMENTS = YES;
				CLANG_WARN_EMPTY_BODY = YES;
				CLANG_WARN_ENUM_CONVERSION = YES;
				CLANG_WARN_INFINITE_RECURSION = YES;
				CLANG_WARN_INT_CONVERSION = YES;
				CLANG_WARN_NON_LITERAL_NULL_CONVERSION = YES;
				CLANG_WARN_OBJC_IMPLICIT_RETAIN_SELF = YES;
				CLANG_WARN_OBJC_LITERAL_CONVERSION = YES;
				CLANG_WARN_OBJC_ROOT_CLASS = YES_ERROR;
				CLANG_WARN_QUOTED_INCLUDE_IN_FRAMEWORK_HEADER = YES;
				CLANG_WARN_RANGE_LOOP_ANALYSIS = YES;
				CLANG_WARN_STRICT_PROTOTYPES = YES;
				CLANG_WARN_SUSPICIOUS_MOVE = YES;
				CLANG_WARN_UNGUARDED_AVAILABILITY = YES_AGGRESSIVE;
				CLANG_WARN_UNREACHABLE_CODE = YES;
				CLANG_WARN__DUPLICATE_METHOD_MATCH = YES;
				COPY_PHASE_STRIP = NO;
				DEBUG_INFORMATION_FORMAT = "dwarf-with-dsym";
				ENABLE_NS_ASSERTIONS = NO;
				ENABLE_STRICT_OBJC_MSGSEND = YES;
				GCC_C_LANGUAGE_STANDARD = gnu11;
				GCC_NO_COMMON_BLOCKS = YES;
				GCC_WARN_64_TO_32_BIT_CONVERSION = YES;
				GCC_WARN_ABOUT_RETURN_TYPE = YES_ERROR;
				GCC_WARN_UNDECLARED_SELECTOR = YES;
				GCC_WARN_UNINITIALIZED_AUTOS = YES_AGGRESSIVE;
				GCC_WARN_UNUSED_FUNCTION = YES;
				GCC_WARN_UNUSED_VARIABLE = YES;
				IPHONEOS_DEPLOYMENT_TARGET = 16.4;
				MTL_ENABLE_DEBUG_INFO = NO;
				MTL_FAST_MATH = YES;
				SDKROOT = iphoneos;
				SWIFT_COMPILATION_MODE = wholemodule;
				SWIFT_OPTIMIZATION_LEVEL = "-O";
				VALIDATE_PRODUCT = YES;
			};
			name = Release;
		};
		DC3F9B7B2A4057FD0055EC12 /* Debug */ = {
			isa = XCBuildConfiguration;
			buildSettings = {
				ASSETCATALOG_COMPILER_APPICON_NAME = AppIcon;
				ASSETCATALOG_COMPILER_GLOBAL_ACCENT_COLOR_NAME = AccentColor;
				CODE_SIGN_STYLE = Automatic;
				CURRENT_PROJECT_VERSION = 1;
				DEVELOPMENT_TEAM = 27976765KZ;
				GENERATE_INFOPLIST_FILE = YES;
				INFOPLIST_FILE = NetflixClone/Info.plist;
				INFOPLIST_KEY_UIApplicationSupportsIndirectInputEvents = YES;
				INFOPLIST_KEY_UILaunchStoryboardName = LaunchScreen;
				INFOPLIST_KEY_UISupportedInterfaceOrientations_iPad = "UIInterfaceOrientationPortrait UIInterfaceOrientationPortraitUpsideDown UIInterfaceOrientationLandscapeLeft UIInterfaceOrientationLandscapeRight";
				INFOPLIST_KEY_UISupportedInterfaceOrientations_iPhone = "UIInterfaceOrientationPortrait UIInterfaceOrientationLandscapeLeft UIInterfaceOrientationLandscapeRight";
				LD_RUNPATH_SEARCH_PATHS = (
					"$(inherited)",
					"@executable_path/Frameworks",
				);
				MARKETING_VERSION = 1.0;
				PRODUCT_BUNDLE_IDENTIFIER = furkankeskin.NetflixClone;
				PRODUCT_NAME = "$(TARGET_NAME)";
				SWIFT_EMIT_LOC_STRINGS = YES;
				SWIFT_VERSION = 5.0;
				TARGETED_DEVICE_FAMILY = "1,2";
			};
			name = Debug;
		};
		DC3F9B7C2A4057FD0055EC12 /* Release */ = {
			isa = XCBuildConfiguration;
			buildSettings = {
				ASSETCATALOG_COMPILER_APPICON_NAME = AppIcon;
				ASSETCATALOG_COMPILER_GLOBAL_ACCENT_COLOR_NAME = AccentColor;
				CODE_SIGN_STYLE = Automatic;
				CURRENT_PROJECT_VERSION = 1;
				DEVELOPMENT_TEAM = 27976765KZ;
				GENERATE_INFOPLIST_FILE = YES;
				INFOPLIST_FILE = NetflixClone/Info.plist;
				INFOPLIST_KEY_UIApplicationSupportsIndirectInputEvents = YES;
				INFOPLIST_KEY_UILaunchStoryboardName = LaunchScreen;
				INFOPLIST_KEY_UISupportedInterfaceOrientations_iPad = "UIInterfaceOrientationPortrait UIInterfaceOrientationPortraitUpsideDown UIInterfaceOrientationLandscapeLeft UIInterfaceOrientationLandscapeRight";
				INFOPLIST_KEY_UISupportedInterfaceOrientations_iPhone = "UIInterfaceOrientationPortrait UIInterfaceOrientationLandscapeLeft UIInterfaceOrientationLandscapeRight";
				LD_RUNPATH_SEARCH_PATHS = (
					"$(inherited)",
					"@executable_path/Frameworks",
				);
				MARKETING_VERSION = 1.0;
				PRODUCT_BUNDLE_IDENTIFIER = furkankeskin.NetflixClone;
				PRODUCT_NAME = "$(TARGET_NAME)";
				SWIFT_EMIT_LOC_STRINGS = YES;
				SWIFT_VERSION = 5.0;
				TARGETED_DEVICE_FAMILY = "1,2";
			};
			name = Release;
		};
/* End XCBuildConfiguration section */

/* Begin XCConfigurationList section */
		DC3F9B612A4057FC0055EC12 /* Build configuration list for PBXProject "NetflixClone" */ = {
			isa = XCConfigurationList;
			buildConfigurations = (
				DC3F9B782A4057FD0055EC12 /* Debug */,
				DC3F9B792A4057FD0055EC12 /* Release */,
			);
			defaultConfigurationIsVisible = 0;
			defaultConfigurationName = Release;
		};
		DC3F9B7A2A4057FD0055EC12 /* Build configuration list for PBXNativeTarget "NetflixClone" */ = {
			isa = XCConfigurationList;
			buildConfigurations = (
				DC3F9B7B2A4057FD0055EC12 /* Debug */,
				DC3F9B7C2A4057FD0055EC12 /* Release */,
			);
			defaultConfigurationIsVisible = 0;
			defaultConfigurationName = Release;
		};
/* End XCConfigurationList section */

/* Begin XCRemoteSwiftPackageReference section */
		DC2AAB712A41B0F800D46C4C /* XCRemoteSwiftPackageReference "SDWebImage" */ = {
			isa = XCRemoteSwiftPackageReference;
			repositoryURL = "https://github.com/SDWebImage/SDWebImage.git";
			requirement = {
				kind = upToNextMajorVersion;
				minimumVersion = 5.0.0;
			};
		};
/* End XCRemoteSwiftPackageReference section */

/* Begin XCSwiftPackageProductDependency section */
		DC2AAB722A41B0F800D46C4C /* SDWebImage */ = {
			isa = XCSwiftPackageProductDependency;
			package = DC2AAB712A41B0F800D46C4C /* XCRemoteSwiftPackageReference "SDWebImage" */;
			productName = SDWebImage;
		};
		DC2AAB742A41B0F800D46C4C /* SDWebImageMapKit */ = {
			isa = XCSwiftPackageProductDependency;
			package = DC2AAB712A41B0F800D46C4C /* XCRemoteSwiftPackageReference "SDWebImage" */;
			productName = SDWebImageMapKit;
		};
/* End XCSwiftPackageProductDependency section */
	};
	rootObject = DC3F9B5E2A4057FC0055EC12 /* Project object */;
}
